
Microsoft Visual Studio Solution File, Format Version 12.00
# Visual Studio 15
VisualStudioVersion = 15.0.27703.2000
MinimumVisualStudioVersion = 10.0.40219.1
Project("{FAE04EC0-301F-11D3-BF4B-00C04F79EFBC}") = "Web", "DotNetFramework\Web.csproj", "{5375D9AD-2D0E-40D9-A9A9-6A127F20AB26}"
EndProject
Project("{FAE04EC0-301F-11D3-BF4B-00C04F79EFBC}") = "DotNetFramework.Tests", "DotNetFramework.Tests\DotNetFramework.Tests.csproj", "{2D4165D7-26E2-407E-8525-4544E1625965}"
EndProject
Project("{FAE04EC0-301F-11D3-BF4B-00C04F79EFBC}") = "Api", "Api\Api.csproj", "{18DAAC71-A6FD-4758-A748-4F06738FAE52}"
EndProject
Project("{FAE04EC0-301F-11D3-BF4B-00C04F79EFBC}") = "Manager", "Manager\Manager.csproj", "{C81DA01A-3E7F-46A1-B04D-58D93001EDB7}"
EndProject
Project("{FAE04EC0-301F-11D3-BF4B-00C04F79EFBC}") = "Common", "Common\Common.csproj", "{A79BFF87-14AA-4C2C-B6D1-91765636EEDE}"
EndProject
Project("{FAE04EC0-301F-11D3-BF4B-00C04F79EFBC}") = "DAO", "Dal\DAO.csproj", "{FCA1955C-4C34-492D-AFF6-9A6CB99D6C8F}"
EndProject
Project("{FAE04EC0-301F-11D3-BF4B-00C04F79EFBC}") = "Service", "Service\Service.csproj", "{6DFC5E74-AC78-45EA-9FCA-8E8F6AAE3242}"
EndProject
Project("{FAE04EC0-301F-11D3-BF4B-00C04F79EFBC}") = "ThirdParty", "ThirdParty\ThirdParty.csproj", "{6316EB95-158F-49A0-9FE5-57B880D03B70}"
EndProject
Global
	GlobalSection(SolutionConfigurationPlatforms) = preSolution
		Debug|Any CPU = Debug|Any CPU
		Release|Any CPU = Release|Any CPU
	EndGlobalSection
	GlobalSection(ProjectConfigurationPlatforms) = postSolution
		{5375D9AD-2D0E-40D9-A9A9-6A127F20AB26}.Debug|Any CPU.ActiveCfg = Debug|Any CPU
		{5375D9AD-2D0E-40D9-A9A9-6A127F20AB26}.Debug|Any CPU.Build.0 = Debug|Any CPU
		{5375D9AD-2D0E-40D9-A9A9-6A127F20AB26}.Release|Any CPU.ActiveCfg = Release|Any CPU
		{5375D9AD-2D0E-40D9-A9A9-6A127F20AB26}.Release|Any CPU.Build.0 = Release|Any CPU
		{2D4165D7-26E2-407E-8525-4544E1625965}.Debug|Any CPU.ActiveCfg = Debug|Any CPU
		{2D4165D7-26E2-407E-8525-4544E1625965}.Debug|Any CPU.Build.0 = Debug|Any CPU
		{2D4165D7-26E2-407E-8525-4544E1625965}.Release|Any CPU.ActiveCfg = Release|Any CPU
		{2D4165D7-26E2-407E-8525-4544E1625965}.Release|Any CPU.Build.0 = Release|Any CPU
		{18DAAC71-A6FD-4758-A748-4F06738FAE52}.Debug|Any CPU.ActiveCfg = Debug|Any CPU
		{18DAAC71-A6FD-4758-A748-4F06738FAE52}.Debug|Any CPU.Build.0 = Debug|Any CPU
		{18DAAC71-A6FD-4758-A748-4F06738FAE52}.Release|Any CPU.ActiveCfg = Release|Any CPU
		{18DAAC71-A6FD-4758-A748-4F06738FAE52}.Release|Any CPU.Build.0 = Release|Any CPU
		{C81DA01A-3E7F-46A1-B04D-58D93001EDB7}.Debug|Any CPU.ActiveCfg = Debug|Any CPU
		{C81DA01A-3E7F-46A1-B04D-58D93001EDB7}.Debug|Any CPU.Build.0 = Debug|Any CPU
		{C81DA01A-3E7F-46A1-B04D-58D93001EDB7}.Release|Any CPU.ActiveCfg = Release|Any CPU
		{C81DA01A-3E7F-46A1-B04D-58D93001EDB7}.Release|Any CPU.Build.0 = Release|Any CPU
		{A79BFF87-14AA-4C2C-B6D1-91765636EEDE}.Debug|Any CPU.ActiveCfg = Debug|Any CPU
		{A79BFF87-14AA-4C2C-B6D1-91765636EEDE}.Debug|Any CPU.Build.0 = Debug|Any CPU
		{A79BFF87-14AA-4C2C-B6D1-91765636EEDE}.Release|Any CPU.ActiveCfg = Release|Any CPU
		{A79BFF87-14AA-4C2C-B6D1-91765636EEDE}.Release|Any CPU.Build.0 = Release|Any CPU
		{FCA1955C-4C34-492D-AFF6-9A6CB99D6C8F}.Debug|Any CPU.ActiveCfg = Debug|Any CPU
		{FCA1955C-4C34-492D-AFF6-9A6CB99D6C8F}.Debug|Any CPU.Build.0 = Debug|Any CPU
		{FCA1955C-4C34-492D-AFF6-9A6CB99D6C8F}.Release|Any CPU.ActiveCfg = Release|Any CPU
		{FCA1955C-4C34-492D-AFF6-9A6CB99D6C8F}.Release|Any CPU.Build.0 = Release|Any CPU
		{6DFC5E74-AC78-45EA-9FCA-8E8F6AAE3242}.Debug|Any CPU.ActiveCfg = Debug|Any CPU
		{6DFC5E74-AC78-45EA-9FCA-8E8F6AAE3242}.Debug|Any CPU.Build.0 = Debug|Any CPU
		{6DFC5E74-AC78-45EA-9FCA-8E8F6AAE3242}.Release|Any CPU.ActiveCfg = Release|Any CPU
		{6DFC5E74-AC78-45EA-9FCA-8E8F6AAE3242}.Release|Any CPU.Build.0 = Release|Any CPU
		{6316EB95-158F-49A0-9FE5-57B880D03B70}.Debug|Any CPU.ActiveCfg = Debug|Any CPU
		{6316EB95-158F-49A0-9FE5-57B880D03B70}.Debug|Any CPU.Build.0 = Debug|Any CPU
		{6316EB95-158F-49A0-9FE5-57B880D03B70}.Release|Any CPU.ActiveCfg = Release|Any CPU
		{6316EB95-158F-49A0-9FE5-57B880D03B70}.Release|Any CPU.Build.0 = Release|Any CPU
	EndGlobalSection
	GlobalSection(SolutionProperties) = preSolution
		HideSolutionNode = FALSE
	EndGlobalSection
	GlobalSection(ExtensibilityGlobals) = postSolution
		SolutionGuid = {8681DD7B-9913-4C36-90E9-54256E25F78B}
	EndGlobalSection
EndGlobal
